
Microsoft Visual Studio Solution File, Format Version 12.00
# Visual Studio Version 16
VisualStudioVersion = 16.0.30804.86
MinimumVisualStudioVersion = 10.0.40219.1
Project("{FAE04EC0-301F-11D3-BF4B-00C04F79EFBC}") = "ReceiptParser", "ReceiptParser\ReceiptParser.csproj", "{EFA70ACB-A776-4BE0-99AB-9C44C3E32785}"
EndProject
Global
	GlobalSection(SolutionConfigurationPlatforms) = preSolution
		Debug|Any CPU = Debug|Any CPU
		Release|Any CPU = Release|Any CPU
	EndGlobalSection
	GlobalSection(ProjectConfigurationPlatforms) = postSolution
		{EFA70ACB-A776-4BE0-99AB-9C44C3E32785}.Debug|Any CPU.ActiveCfg = Debug|Any CPU
		{EFA70ACB-A776-4BE0-99AB-9C44C3E32785}.Debug|Any CPU.Build.0 = Debug|Any CPU
		{EFA70ACB-A776-4BE0-99AB-9C44C3E32785}.Release|Any CPU.ActiveCfg = Release|Any CPU
		{EFA70ACB-A776-4BE0-99AB-9C44C3E32785}.Release|Any CPU.Build.0 = Release|Any CPU
	EndGlobalSection
	GlobalSection(SolutionProperties) = preSolution
		HideSolutionNode = FALSE
	EndGlobalSection
	GlobalSection(ExtensibilityGlobals) = postSolution
		SolutionGuid = {C4C8A582-4B66-4760-A8AB-CD0662DD6734}
	EndGlobalSection
EndGlobal
